
Microsoft Visual Studio Solution File, Format Version 12.00
# Visual Studio Version 17
VisualStudioVersion = 17.4.33213.308
MinimumVisualStudioVersion = 10.0.40219.1
Project("{888888A0-9F3D-457C-B088-3A5042F75D52}") = "MusicProjectWithSQLite", "MusicProjectWithSQLite\MusicProjectWithSQLite.pyproj", "{7D462749-4E73-4E49-9157-C6F83676A4DC}"
EndProject
Global
	GlobalSection(SolutionConfigurationPlatforms) = preSolution
		Debug|Any CPU = Debug|Any CPU
		Release|Any CPU = Release|Any CPU
	EndGlobalSection
	GlobalSection(ProjectConfigurationPlatforms) = postSolution
		{7D462749-4E73-4E49-9157-C6F83676A4DC}.Debug|Any CPU.ActiveCfg = Debug|Any CPU
		{7D462749-4E73-4E49-9157-C6F83676A4DC}.Release|Any CPU.ActiveCfg = Release|Any CPU
	EndGlobalSection
	GlobalSection(SolutionProperties) = preSolution
		HideSolutionNode = FALSE
	EndGlobalSection
	GlobalSection(ExtensibilityGlobals) = postSolution
		SolutionGuid = {F3584A41-48DE-4757-8CC5-60E8B68E067A}
	EndGlobalSection
EndGlobal
